
Microsoft Visual Studio Solution File, Format Version 12.00
# Visual Studio Version 16
VisualStudioVersion = 16.0.29102.190
MinimumVisualStudioVersion = 10.0.40219.1
Project("{FAE04EC0-301F-11D3-BF4B-00C04F79EFBC}") = "ZooApp", "ZooApp\ZooApp.csproj", "{FB57D02D-D2A8-428B-A3F4-3FA7F240AD36}"
EndProject
Global
	GlobalSection(SolutionConfigurationPlatforms) = preSolution
		Debug|Any CPU = Debug|Any CPU
		Release|Any CPU = Release|Any CPU
	EndGlobalSection
	GlobalSection(ProjectConfigurationPlatforms) = postSolution
		{FB57D02D-D2A8-428B-A3F4-3FA7F240AD36}.Debug|Any CPU.ActiveCfg = Debug|Any CPU
		{FB57D02D-D2A8-428B-A3F4-3FA7F240AD36}.Debug|Any CPU.Build.0 = Debug|Any CPU
		{FB57D02D-D2A8-428B-A3F4-3FA7F240AD36}.Release|Any CPU.ActiveCfg = Release|Any CPU
		{FB57D02D-D2A8-428B-A3F4-3FA7F240AD36}.Release|Any CPU.Build.0 = Release|Any CPU
	EndGlobalSection
	GlobalSection(SolutionProperties) = preSolution
		HideSolutionNode = FALSE
	EndGlobalSection
	GlobalSection(ExtensibilityGlobals) = postSolution
		SolutionGuid = {5CF4BF31-3EFA-470F-AAA9-D8F02EA6CD92}
	EndGlobalSection
EndGlobal
